("quicklisp" .
 (:class qlot.source.ql:source-ql-all
  :initargs (:project-name "quicklisp" :%version :latest)
  :version "2015-07-10"))
("datafly" .
 (:class qlot.source.github:source-github
  :initargs (:project-name "datafly" :repos "fukamachi/datafly" :ref nil :branch nil :tag nil)
  :version "github-422af45132f955301e64d6c42d4a792893a7bb7f"
  :repos "fukamachi/datafly"
  :url "https://github.com/fukamachi/datafly/archive/422af45132f955301e64d6c42d4a792893a7bb7f.tar.gz"
  :ref "422af45132f955301e64d6c42d4a792893a7bb7f"))
("djula" .
 (:class qlot.source.github:source-github
  :initargs (:project-name "djula" :repos "mmontone/djula" :ref nil :branch nil :tag nil)
  :version "github-414eb2dcc7798a70f7079249bab7e5190e6b9700"
  :repos "mmontone/djula"
  :url "https://github.com/mmontone/djula/archive/414eb2dcc7798a70f7079249bab7e5190e6b9700.tar.gz"
  :ref "414eb2dcc7798a70f7079249bab7e5190e6b9700"))
("proc-parse" .
 (:class qlot.source.github:source-github
  :initargs (:project-name "proc-parse" :repos "fukamachi/proc-parse" :ref nil :branch nil :tag nil)
  :version "github-3225e4e04ebe5c2569accae39466048e3244c681"
  :repos "fukamachi/proc-parse"
  :url "https://github.com/fukamachi/proc-parse/archive/3225e4e04ebe5c2569accae39466048e3244c681.tar.gz"
  :ref "3225e4e04ebe5c2569accae39466048e3244c681"))
("fast-http" .
 (:class qlot.source.github:source-github
  :initargs (:project-name "fast-http" :repos "fukamachi/fast-http" :ref nil :branch nil :tag nil)
  :version "github-fe8e48360fcceb369ba900b07f7cc9a48f455c44"
  :repos "fukamachi/fast-http"
  :url "https://github.com/fukamachi/fast-http/archive/fe8e48360fcceb369ba900b07f7cc9a48f455c44.tar.gz"
  :ref "fe8e48360fcceb369ba900b07f7cc9a48f455c44"))
("woo" .
 (:class qlot.source.github:source-github
  :initargs (:project-name "woo" :repos "fukamachi/woo" :ref nil :branch "devel" :tag nil)
  :version "github-7e1b37c072ff877a89339d8e3b03331faf06b3f5"
  :repos "fukamachi/woo"
  :url "https://github.com/fukamachi/woo/archive/7e1b37c072ff877a89339d8e3b03331faf06b3f5.tar.gz"
  :ref "7e1b37c072ff877a89339d8e3b03331faf06b3f5"))
("quickdocs-database" .
 (:class qlot.source.github:source-github
  :initargs (:project-name "quickdocs-database" :repos "quickdocs/quickdocs-database" :ref nil :branch nil :tag nil)
  :version "github-764344b1bddd9c1ac1932507e6ce31e10e59f309"
  :repos "quickdocs/quickdocs-database"
  :url "https://github.com/quickdocs/quickdocs-database/archive/764344b1bddd9c1ac1932507e6ce31e10e59f309.tar.gz"
  :ref "764344b1bddd9c1ac1932507e6ce31e10e59f309"))
("quickdocs-serializer" .
 (:class qlot.source.github:source-github
  :initargs (:project-name "quickdocs-serializer" :repos "quickdocs/quickdocs-serializer" :ref nil :branch nil :tag nil)
  :version "github-92bbb57630cbf2099df406f3c8290e8938f77be2"
  :repos "quickdocs/quickdocs-serializer"
  :url "https://github.com/quickdocs/quickdocs-serializer/archive/92bbb57630cbf2099df406f3c8290e8938f77be2.tar.gz"
  :ref "92bbb57630cbf2099df406f3c8290e8938f77be2"))
